
Microsoft Visual Studio Solution File, Format Version 12.00
Project("{FAE04EC0-301F-11D3-BF4B-00C04F79EFBC}") = "GymManagement.Api", "GymManagement.Api\GymManagement.Api.csproj", "{57A38447-2CFA-444C-8B95-B52B8AE0B07E}"
EndProject
Project("{2150E333-8FDC-42A3-9474-1A3956D46DE8}") = "Solution Items", "Solution Items", "{36CF0537-2396-4687-A170-87773C0E8990}"
	ProjectSection(SolutionItems) = preProject
		docker-compose.yml = docker-compose.yml
	EndProjectSection
EndProject
Project("{FAE04EC0-301F-11D3-BF4B-00C04F79EFBC}") = "GymManagement.Application", "GymManagement.Application\GymManagement.Application.csproj", "{E90EB40A-7EBE-42A1-9BEE-3A6A6189C554}"
EndProject
Project("{FAE04EC0-301F-11D3-BF4B-00C04F79EFBC}") = "GymManagement.Domain", "GymManagement.Domain\GymManagement.Domain.csproj", "{C48CA62E-2D96-4DFF-9965-DC3F32BD77C3}"
EndProject
Project("{FAE04EC0-301F-11D3-BF4B-00C04F79EFBC}") = "GymManagement.Infrastructure", "GymManagement.Infrastructure\GymManagement.Infrastructure.csproj", "{082F58F0-D182-439D-881F-FC00A908B750}"
EndProject
Project("{FAE04EC0-301F-11D3-BF4B-00C04F79EFBC}") = "GymManagement.Contracts", "GymManagement.Contracts\GymManagement.Contracts.csproj", "{3263C6DD-78F6-4574-BA6C-70B4623C5995}"
EndProject
Global
	GlobalSection(SolutionConfigurationPlatforms) = preSolution
		Debug|Any CPU = Debug|Any CPU
		Release|Any CPU = Release|Any CPU
	EndGlobalSection
	GlobalSection(ProjectConfigurationPlatforms) = postSolution
		{57A38447-2CFA-444C-8B95-B52B8AE0B07E}.Debug|Any CPU.ActiveCfg = Debug|Any CPU
		{57A38447-2CFA-444C-8B95-B52B8AE0B07E}.Debug|Any CPU.Build.0 = Debug|Any CPU
		{57A38447-2CFA-444C-8B95-B52B8AE0B07E}.Release|Any CPU.ActiveCfg = Release|Any CPU
		{57A38447-2CFA-444C-8B95-B52B8AE0B07E}.Release|Any CPU.Build.0 = Release|Any CPU
		{E90EB40A-7EBE-42A1-9BEE-3A6A6189C554}.Debug|Any CPU.ActiveCfg = Debug|Any CPU
		{E90EB40A-7EBE-42A1-9BEE-3A6A6189C554}.Debug|Any CPU.Build.0 = Debug|Any CPU
		{E90EB40A-7EBE-42A1-9BEE-3A6A6189C554}.Release|Any CPU.ActiveCfg = Release|Any CPU
		{E90EB40A-7EBE-42A1-9BEE-3A6A6189C554}.Release|Any CPU.Build.0 = Release|Any CPU
		{C48CA62E-2D96-4DFF-9965-DC3F32BD77C3}.Debug|Any CPU.ActiveCfg = Debug|Any CPU
		{C48CA62E-2D96-4DFF-9965-DC3F32BD77C3}.Debug|Any CPU.Build.0 = Debug|Any CPU
		{C48CA62E-2D96-4DFF-9965-DC3F32BD77C3}.Release|Any CPU.ActiveCfg = Release|Any CPU
		{C48CA62E-2D96-4DFF-9965-DC3F32BD77C3}.Release|Any CPU.Build.0 = Release|Any CPU
		{082F58F0-D182-439D-881F-FC00A908B750}.Debug|Any CPU.ActiveCfg = Debug|Any CPU
		{082F58F0-D182-439D-881F-FC00A908B750}.Debug|Any CPU.Build.0 = Debug|Any CPU
		{082F58F0-D182-439D-881F-FC00A908B750}.Release|Any CPU.ActiveCfg = Release|Any CPU
		{082F58F0-D182-439D-881F-FC00A908B750}.Release|Any CPU.Build.0 = Release|Any CPU
		{3263C6DD-78F6-4574-BA6C-70B4623C5995}.Debug|Any CPU.ActiveCfg = Debug|Any CPU
		{3263C6DD-78F6-4574-BA6C-70B4623C5995}.Debug|Any CPU.Build.0 = Debug|Any CPU
		{3263C6DD-78F6-4574-BA6C-70B4623C5995}.Release|Any CPU.ActiveCfg = Release|Any CPU
		{3263C6DD-78F6-4574-BA6C-70B4623C5995}.Release|Any CPU.Build.0 = Release|Any CPU
	EndGlobalSection
EndGlobal
